PODS:
  - Kingfisher (5.8.2):
    - Kingfisher/Core (= 5.8.2)
  - Kingfisher/Core (5.8.2)
  - Realm (3.19.0):
    - Realm/Headers (= 3.19.0)
  - Realm/Headers (3.19.0)
  - RealmSwift (3.19.0):
    - Realm (= 3.19.0)
  - SwiftLint (0.35.0)

DEPENDENCIES:
  - Kingfisher
  - RealmSwift (~> 3.19.0)
  - SwiftLint

SPEC REPOS:
  https://github.com/cocoapods/specs.git:
    - Kingfisher
    - Realm
    - RealmSwift
    - SwiftLint

SPEC CHECKSUMS:
  Kingfisher: 3adc15096595f5aed800bb0d5cb757fc58b2d2dd
  Realm: 995d585bcf699aaff226715886c849a29dd3d07f
  RealmSwift: 35f284a537989f2187b413e5917091948cb87a3f
  SwiftLint: 5553187048b900c91aa03552807681bb6b027846

PODFILE CHECKSUM: fe689bcb61437b68aeb186f84e3e60e02f19fbeb

COCOAPODS: 1.6.1
